
Microsoft Visual Studio Solution File, Format Version 12.00
# Visual Studio Version 17
VisualStudioVersion = 17.0.31912.275
MinimumVisualStudioVersion = 10.0.40219.1
Project("{FAE04EC0-301F-11D3-BF4B-00C04F79EFBC}") = "ContactExam", "ContactExam.csproj", "{23EB1DB5-8E5D-4EE7-814F-350899A3E6F1}"
EndProject
Global
	GlobalSection(SolutionConfigurationPlatforms) = preSolution
		Debug|Any CPU = Debug|Any CPU
		Release|Any CPU = Release|Any CPU
	EndGlobalSection
	GlobalSection(ProjectConfigurationPlatforms) = postSolution
		{23EB1DB5-8E5D-4EE7-814F-350899A3E6F1}.Debug|Any CPU.ActiveCfg = Debug|Any CPU
		{23EB1DB5-8E5D-4EE7-814F-350899A3E6F1}.Debug|Any CPU.Build.0 = Debug|Any CPU
		{23EB1DB5-8E5D-4EE7-814F-350899A3E6F1}.Release|Any CPU.ActiveCfg = Release|Any CPU
		{23EB1DB5-8E5D-4EE7-814F-350899A3E6F1}.Release|Any CPU.Build.0 = Release|Any CPU
	EndGlobalSection
	GlobalSection(SolutionProperties) = preSolution
		HideSolutionNode = FALSE
	EndGlobalSection
	GlobalSection(ExtensibilityGlobals) = postSolution
		SolutionGuid = {47E1403C-DDF4-4284-8B1E-A67E73CEF706}
	EndGlobalSection
EndGlobal
